
Microsoft Visual Studio Solution File, Format Version 12.00
# Visual Studio Version 17
VisualStudioVersion = 17.11.35303.130
MinimumVisualStudioVersion = 10.0.40219.1
Project("{FAE04EC0-301F-11D3-BF4B-00C04F79EFBC}") = "Szamnegyes", "Szamnegyes\Szamnegyes.csproj", "{29BF6818-D18D-4A18-A956-102EE3400D7F}"
EndProject
Global
	GlobalSection(SolutionConfigurationPlatforms) = preSolution
		Debug|Any CPU = Debug|Any CPU
		Release|Any CPU = Release|Any CPU
	EndGlobalSection
	GlobalSection(ProjectConfigurationPlatforms) = postSolution
		{29BF6818-D18D-4A18-A956-102EE3400D7F}.Debug|Any CPU.ActiveCfg = Debug|Any CPU
		{29BF6818-D18D-4A18-A956-102EE3400D7F}.Debug|Any CPU.Build.0 = Debug|Any CPU
		{29BF6818-D18D-4A18-A956-102EE3400D7F}.Release|Any CPU.ActiveCfg = Release|Any CPU
		{29BF6818-D18D-4A18-A956-102EE3400D7F}.Release|Any CPU.Build.0 = Release|Any CPU
	EndGlobalSection
	GlobalSection(SolutionProperties) = preSolution
		HideSolutionNode = FALSE
	EndGlobalSection
	GlobalSection(ExtensibilityGlobals) = postSolution
		SolutionGuid = {DB446950-7397-453F-8E1D-A013FA4C126A}
	EndGlobalSection
EndGlobal
